
Microsoft Visual Studio Solution File, Format Version 12.00
# Visual Studio 15
VisualStudioVersion = 15.0.27703.2000
MinimumVisualStudioVersion = 10.0.40219.1
Project("{2150E333-8FDC-42A3-9474-1A3956D46DE8}") = "Presentation", "Presentation", "{DE89375E-713D-439C-BC44-106D0E9BE0BC}"
EndProject
Project("{2150E333-8FDC-42A3-9474-1A3956D46DE8}") = "Application", "Application", "{C4CAC24F-F1DA-4063-A661-0B0A75EAED61}"
EndProject
Project("{2150E333-8FDC-42A3-9474-1A3956D46DE8}") = "Domain", "Domain", "{BAD15BE0-0E44-446D-A33D-C14F991357A6}"
EndProject
Project("{2150E333-8FDC-42A3-9474-1A3956D46DE8}") = "Distributed Services", "Distributed Services", "{97ED1FE6-1569-48F2-9A5C-73C3A830C205}"
EndProject
Project("{2150E333-8FDC-42A3-9474-1A3956D46DE8}") = "Infraestructure", "Infraestructure", "{A60289F8-7B1C-4BC4-BF98-39769146C112}"
EndProject
Project("{2150E333-8FDC-42A3-9474-1A3956D46DE8}") = "Web", "Web", "{CAA3F31C-0321-45B8-9C47-C55022ED23C8}"
EndProject
Project("{9A19103F-16F7-4668-BE54-9A1E7A4F7556}") = "NLayer.Web.Asp", "NLayer.Presentation\Web\NLayer.Asp\NLayer.Web.Asp.csproj", "{EF15AF26-77CB-4CB3-A4C2-EBDEF4838155}"
EndProject
Project("{FAE04EC0-301F-11D3-BF4B-00C04F79EFBC}") = "NLayer.Web.Angular", "NLayer.Presentation\Web\NLayer.Web.Angular\NLayer.Web.Angular.csproj", "{BD48FCA8-C6B0-41CD-8055-05405FBBF3CE}"
EndProject
Project("{2150E333-8FDC-42A3-9474-1A3956D46DE8}") = "Api", "Api", "{A52FF224-12E8-4E4C-8D35-A75AEF537750}"
EndProject
Project("{FAE04EC0-301F-11D3-BF4B-00C04F79EFBC}") = "NLayer.Web.Api", "NLayer.Web.Api\NLayer.Web.Api.csproj", "{8B71C390-9A97-4461-8060-D991189315ED}"
EndProject
Project("{FAE04EC0-301F-11D3-BF4B-00C04F79EFBC}") = "NLayer.Application", "NLayer.Application\NLayer.Application\NLayer.Application.csproj", "{59A77931-17E1-46D2-B46D-90E937166366}"
EndProject
Project("{FAE04EC0-301F-11D3-BF4B-00C04F79EFBC}") = "NLayer.Infraestructure.Invitations.Data", "NLayer.Infraestructure\NLayer.Infraestructure\NLayer.Infraestructure.Invitations.Data.csproj", "{65CD5ED7-9095-4F92-B46E-E817478BBBF7}"
EndProject
Project("{FAE04EC0-301F-11D3-BF4B-00C04F79EFBC}") = "NLayer.Domain.Core.Invitations", "NLayer.Domain\NLayer.Domain.Core.Invitations\NLayer.Domain.Core.Invitations.csproj", "{C7AE6E9E-0AB3-4320-A0FA-60C2D84C3438}"
EndProject
Project("{2150E333-8FDC-42A3-9474-1A3956D46DE8}") = "Invitations", "Invitations", "{BB16F609-1567-4A4C-B522-2452AFB12A8D}"
EndProject
Project("{FAE04EC0-301F-11D3-BF4B-00C04F79EFBC}") = "NLayer.Domain.Core.Invitations.Test", "NLayer.Domain\NLayer.Domain.Core.Invitations.Test\NLayer.Domain.Core.Invitations.Test.csproj", "{1760A2A0-A758-42A3-92F1-375F4B1CA4B7}"
EndProject
Project("{FAE04EC0-301F-11D3-BF4B-00C04F79EFBC}") = "NLayer.Infraestructure.Invitations.Data.Test", "NLayer.Infraestructure\NLayer.Infraestructure.Data.Test\NLayer.Infraestructure.Invitations.Data.Test.csproj", "{8109E53C-F831-4CA3-9FCE-93F3336DC212}"
EndProject
Project("{2150E333-8FDC-42A3-9474-1A3956D46DE8}") = "Invitations", "Invitations", "{061D2055-F99F-49BA-980F-59C889B0D506}"
EndProject
Project("{FAE04EC0-301F-11D3-BF4B-00C04F79EFBC}") = "NLayer.Application.Test", "NLayer.Application\NLayer.Application.Test\NLayer.Application.Test.csproj", "{3004FFD0-800C-461D-B817-D4B2FED0CF6C}"
EndProject
Global
	GlobalSection(SolutionConfigurationPlatforms) = preSolution
		Debug|Any CPU = Debug|Any CPU
		Release|Any CPU = Release|Any CPU
	EndGlobalSection
	GlobalSection(ProjectConfigurationPlatforms) = postSolution
		{EF15AF26-77CB-4CB3-A4C2-EBDEF4838155}.Debug|Any CPU.ActiveCfg = Debug|Any CPU
		{EF15AF26-77CB-4CB3-A4C2-EBDEF4838155}.Debug|Any CPU.Build.0 = Debug|Any CPU
		{EF15AF26-77CB-4CB3-A4C2-EBDEF4838155}.Release|Any CPU.ActiveCfg = Release|Any CPU
		{EF15AF26-77CB-4CB3-A4C2-EBDEF4838155}.Release|Any CPU.Build.0 = Release|Any CPU
		{BD48FCA8-C6B0-41CD-8055-05405FBBF3CE}.Debug|Any CPU.ActiveCfg = Debug|Any CPU
		{BD48FCA8-C6B0-41CD-8055-05405FBBF3CE}.Debug|Any CPU.Build.0 = Debug|Any CPU
		{BD48FCA8-C6B0-41CD-8055-05405FBBF3CE}.Release|Any CPU.ActiveCfg = Release|Any CPU
		{BD48FCA8-C6B0-41CD-8055-05405FBBF3CE}.Release|Any CPU.Build.0 = Release|Any CPU
		{8B71C390-9A97-4461-8060-D991189315ED}.Debug|Any CPU.ActiveCfg = Debug|Any CPU
		{8B71C390-9A97-4461-8060-D991189315ED}.Debug|Any CPU.Build.0 = Debug|Any CPU
		{8B71C390-9A97-4461-8060-D991189315ED}.Release|Any CPU.ActiveCfg = Release|Any CPU
		{8B71C390-9A97-4461-8060-D991189315ED}.Release|Any CPU.Build.0 = Release|Any CPU
		{59A77931-17E1-46D2-B46D-90E937166366}.Debug|Any CPU.ActiveCfg = Debug|Any CPU
		{59A77931-17E1-46D2-B46D-90E937166366}.Debug|Any CPU.Build.0 = Debug|Any CPU
		{59A77931-17E1-46D2-B46D-90E937166366}.Release|Any CPU.ActiveCfg = Release|Any CPU
		{59A77931-17E1-46D2-B46D-90E937166366}.Release|Any CPU.Build.0 = Release|Any CPU
		{65CD5ED7-9095-4F92-B46E-E817478BBBF7}.Debug|Any CPU.ActiveCfg = Debug|Any CPU
		{65CD5ED7-9095-4F92-B46E-E817478BBBF7}.Debug|Any CPU.Build.0 = Debug|Any CPU
		{65CD5ED7-9095-4F92-B46E-E817478BBBF7}.Release|Any CPU.ActiveCfg = Release|Any CPU
		{65CD5ED7-9095-4F92-B46E-E817478BBBF7}.Release|Any CPU.Build.0 = Release|Any CPU
		{C7AE6E9E-0AB3-4320-A0FA-60C2D84C3438}.Debug|Any CPU.ActiveCfg = Debug|Any CPU
		{C7AE6E9E-0AB3-4320-A0FA-60C2D84C3438}.Debug|Any CPU.Build.0 = Debug|Any CPU
		{C7AE6E9E-0AB3-4320-A0FA-60C2D84C3438}.Release|Any CPU.ActiveCfg = Release|Any CPU
		{C7AE6E9E-0AB3-4320-A0FA-60C2D84C3438}.Release|Any CPU.Build.0 = Release|Any CPU
		{1760A2A0-A758-42A3-92F1-375F4B1CA4B7}.Debug|Any CPU.ActiveCfg = Debug|Any CPU
		{1760A2A0-A758-42A3-92F1-375F4B1CA4B7}.Debug|Any CPU.Build.0 = Debug|Any CPU
		{1760A2A0-A758-42A3-92F1-375F4B1CA4B7}.Release|Any CPU.ActiveCfg = Release|Any CPU
		{1760A2A0-A758-42A3-92F1-375F4B1CA4B7}.Release|Any CPU.Build.0 = Release|Any CPU
		{8109E53C-F831-4CA3-9FCE-93F3336DC212}.Debug|Any CPU.ActiveCfg = Debug|Any CPU
		{8109E53C-F831-4CA3-9FCE-93F3336DC212}.Debug|Any CPU.Build.0 = Debug|Any CPU
		{8109E53C-F831-4CA3-9FCE-93F3336DC212}.Release|Any CPU.ActiveCfg = Release|Any CPU
		{8109E53C-F831-4CA3-9FCE-93F3336DC212}.Release|Any CPU.Build.0 = Release|Any CPU
		{3004FFD0-800C-461D-B817-D4B2FED0CF6C}.Debug|Any CPU.ActiveCfg = Debug|Any CPU
		{3004FFD0-800C-461D-B817-D4B2FED0CF6C}.Debug|Any CPU.Build.0 = Debug|Any CPU
		{3004FFD0-800C-461D-B817-D4B2FED0CF6C}.Release|Any CPU.ActiveCfg = Release|Any CPU
		{3004FFD0-800C-461D-B817-D4B2FED0CF6C}.Release|Any CPU.Build.0 = Release|Any CPU
	EndGlobalSection
	GlobalSection(SolutionProperties) = preSolution
		HideSolutionNode = FALSE
	EndGlobalSection
	GlobalSection(NestedProjects) = preSolution
		{CAA3F31C-0321-45B8-9C47-C55022ED23C8} = {DE89375E-713D-439C-BC44-106D0E9BE0BC}
		{EF15AF26-77CB-4CB3-A4C2-EBDEF4838155} = {CAA3F31C-0321-45B8-9C47-C55022ED23C8}
		{BD48FCA8-C6B0-41CD-8055-05405FBBF3CE} = {CAA3F31C-0321-45B8-9C47-C55022ED23C8}
		{A52FF224-12E8-4E4C-8D35-A75AEF537750} = {DE89375E-713D-439C-BC44-106D0E9BE0BC}
		{8B71C390-9A97-4461-8060-D991189315ED} = {A52FF224-12E8-4E4C-8D35-A75AEF537750}
		{59A77931-17E1-46D2-B46D-90E937166366} = {C4CAC24F-F1DA-4063-A661-0B0A75EAED61}
		{65CD5ED7-9095-4F92-B46E-E817478BBBF7} = {061D2055-F99F-49BA-980F-59C889B0D506}
		{C7AE6E9E-0AB3-4320-A0FA-60C2D84C3438} = {BB16F609-1567-4A4C-B522-2452AFB12A8D}
		{BB16F609-1567-4A4C-B522-2452AFB12A8D} = {BAD15BE0-0E44-446D-A33D-C14F991357A6}
		{1760A2A0-A758-42A3-92F1-375F4B1CA4B7} = {BB16F609-1567-4A4C-B522-2452AFB12A8D}
		{8109E53C-F831-4CA3-9FCE-93F3336DC212} = {061D2055-F99F-49BA-980F-59C889B0D506}
		{061D2055-F99F-49BA-980F-59C889B0D506} = {A60289F8-7B1C-4BC4-BF98-39769146C112}
		{3004FFD0-800C-461D-B817-D4B2FED0CF6C} = {C4CAC24F-F1DA-4063-A661-0B0A75EAED61}
	EndGlobalSection
	GlobalSection(ExtensibilityGlobals) = postSolution
		SolutionGuid = {1556733F-2087-4736-BC05-239DBA12C1C6}
	EndGlobalSection
EndGlobal
